
Microsoft Visual Studio Solution File, Format Version 12.00
# Visual Studio Version 16
VisualStudioVersion = 25.0.1705.2
MinimumVisualStudioVersion = 10.0.40219.1
Project("{FAE04EC0-301F-11D3-BF4B-00C04F79EFBC}") = "ProgrammingAssignment1", "ProgrammingAssignment1.csproj", "{40A0ECA2-B4FD-41CF-909E-B6ABDCA26694}"
EndProject
Global
	GlobalSection(SolutionConfigurationPlatforms) = preSolution
		Debug|Any CPU = Debug|Any CPU
		Release|Any CPU = Release|Any CPU
	EndGlobalSection
	GlobalSection(ProjectConfigurationPlatforms) = postSolution
		{40A0ECA2-B4FD-41CF-909E-B6ABDCA26694}.Debug|Any CPU.ActiveCfg = Debug|Any CPU
		{40A0ECA2-B4FD-41CF-909E-B6ABDCA26694}.Debug|Any CPU.Build.0 = Debug|Any CPU
		{40A0ECA2-B4FD-41CF-909E-B6ABDCA26694}.Release|Any CPU.ActiveCfg = Release|Any CPU
		{40A0ECA2-B4FD-41CF-909E-B6ABDCA26694}.Release|Any CPU.Build.0 = Release|Any CPU
	EndGlobalSection
	GlobalSection(SolutionProperties) = preSolution
		HideSolutionNode = FALSE
	EndGlobalSection
	GlobalSection(ExtensibilityGlobals) = postSolution
		SolutionGuid = {F7654633-3C41-4084-81A3-F2F9379886FF}
	EndGlobalSection
EndGlobal
