
Microsoft Visual Studio Solution File, Format Version 12.00
# Visual Studio Version 16
VisualStudioVersion = 25.0.1705.2
MinimumVisualStudioVersion = 10.0.40219.1
Project("{FAE04EC0-301F-11D3-BF4B-00C04F79EFBC}") = "my-first-code", "my-first-code\my-first-code.csproj", "{4363C50C-FA6B-40EB-8489-E8672CB2AC9A}"
EndProject
Global
	GlobalSection(SolutionConfigurationPlatforms) = preSolution
		Debug|Any CPU = Debug|Any CPU
		Release|Any CPU = Release|Any CPU
	EndGlobalSection
	GlobalSection(ProjectConfigurationPlatforms) = postSolution
		{4363C50C-FA6B-40EB-8489-E8672CB2AC9A}.Debug|Any CPU.ActiveCfg = Debug|Any CPU
		{4363C50C-FA6B-40EB-8489-E8672CB2AC9A}.Debug|Any CPU.Build.0 = Debug|Any CPU
		{4363C50C-FA6B-40EB-8489-E8672CB2AC9A}.Release|Any CPU.ActiveCfg = Release|Any CPU
		{4363C50C-FA6B-40EB-8489-E8672CB2AC9A}.Release|Any CPU.Build.0 = Release|Any CPU
	EndGlobalSection
	GlobalSection(SolutionProperties) = preSolution
		HideSolutionNode = FALSE
	EndGlobalSection
	GlobalSection(ExtensibilityGlobals) = postSolution
		SolutionGuid = {B6390C11-E421-4641-A0FC-C0C384DCA11E}
	EndGlobalSection
EndGlobal
